{
  "name": "example",
  "version": "1.0.0",
  "lockfileVersion": 3,
  "requires": true,
  "packages": {
    "": {
      "name": "example",
      "version": "1.0.0",
      "license": "ISC",
      "dependencies": {
        "cf-rate-limiter": "^1.0.6"
      }
    },
    "node_modules/cf-rate-limiter": {
      "version": "1.0.6",
      "resolved": "https://registry.npmjs.org/cf-rate-limiter/-/cf-rate-limiter-1.0.6.tgz",
      "integrity": "sha512-nw/esMzNcHFddw9GTW0g9YLb1VeMwQ7O3lzMP1vF1SFObC/oXrLdlwEgDc00gXY/f7+0QAxdIP5XjwxxxuYMLg=="
    }
  }
}
